{
  "name": "prepros-project",
  "version": "1.0.0",
  "lockfileVersion": 1,
  "requires": true,
  "dependencies": {
    "swiper": {
      "version": "10.1.0",
      "resolved": "https://registry.npmjs.org/swiper/-/swiper-10.1.0.tgz",
      "integrity": "sha512-E+wh+hcSbwlRfXuwBTclcOOikOjNdSF0a2Sdg3J4cIWtHO64A7SaLRfezfrJ67CW3GEc15AduYU2YKlElsjqsQ=="
    }
  }
}
